// !$*UTF8*$!
{
	archiveVersion = 1;
	classes = {
	};
	objectVersion = 46;
	objects = {

/* Begin PBXBuildFile section */
		6B8E8F461F8B01BF00AE090C /* AddCityViewController.swift in Sources */ = {isa = PBXBuildFile; fileRef = 6B8E8F451F8B01BF00AE090C /* AddCityViewController.swift */; };
		6B938119203112360030ED49 /* Temperature.swift in Sources */ = {isa = PBXBuildFile; fileRef = 6B938118203112360030ED49 /* Temperature.swift */; };
		6B93811B2031300C0030ED49 /* HelperExtenstions.swift in Sources */ = {isa = PBXBuildFile; fileRef = 6B93811A2031300C0030ED49 /* HelperExtenstions.swift */; };
		6B93811D20313B4D0030ED49 /* Weekday.swift in Sources */ = {isa = PBXBuildFile; fileRef = 6B93811C20313B4D0030ED49 /* Weekday.swift */; };
		6BA2FF611EED5E1800A20A66 /* AppDelegate.swift in Sources */ = {isa = PBXBuildFile; fileRef = 6BA2FF601EED5E1800A20A66 /* AppDelegate.swift */; };
		6BA2FF631EED5E1800A20A66 /* ViewController.swift in Sources */ = {isa = PBXBuildFile; fileRef = 6BA2FF621EED5E1800A20A66 /* ViewController.swift */; };
		6BA2FF661EED5E1800A20A66 /* Main.storyboard in Resources */ = {isa = PBXBuildFile; fileRef = 6BA2FF641EED5E1800A20A66 /* Main.storyboard */; };
		6BA2FF691EED5E1800A20A66 /* WeatherSwift.xcdatamodeld in Sources */ = {isa = PBXBuildFile; fileRef = 6BA2FF671EED5E1800A20A66 /* WeatherSwift.xcdatamodeld */; };
		6BA2FF6B1EED5E1800A20A66 /* Assets.xcassets in Resources */ = {isa = PBXBuildFile; fileRef = 6BA2FF6A1EED5E1800A20A66 /* Assets.xcassets */; };
		6BA2FF6E1EED5E1800A20A66 /* LaunchScreen.storyboard in Resources */ = {isa = PBXBuildFile; fileRef = 6BA2FF6C1EED5E1800A20A66 /* LaunchScreen.storyboard */; };
		6BC945391F4A35C7008747D3 /* Forecast.swift in Sources */ = {isa = PBXBuildFile; fileRef = 6BC945381F4A35C7008747D3 /* Forecast.swift */; };
		6BC9453D1F4A5233008747D3 /* SwiftyJSON.swift in Sources */ = {isa = PBXBuildFile; fileRef = 6BC9453C1F4A5233008747D3 /* SwiftyJSON.swift */; };
		6BC9453F1F4A7998008747D3 /* SevenDayCell.swift in Sources */ = {isa = PBXBuildFile; fileRef = 6BC9453E1F4A7998008747D3 /* SevenDayCell.swift */; };
		6BF656301FEB7F7100D6E8B1 /* CityCell.swift in Sources */ = {isa = PBXBuildFile; fileRef = 6BF6562F1FEB7F7100D6E8B1 /* CityCell.swift */; };
		82A7F165F84130EEA88B7DC9 /* Pods_WeatherSwift.framework in Frameworks */ = {isa = PBXBuildFile; fileRef = ED9BF9D6538037D30782BDED /* Pods_WeatherSwift.framework */; };
/* End PBXBuildFile section */

/* Begin PBXFileReference section */
		2E1696DF3057056E29962F00 /* Pods-WeatherSwift.debug.xcconfig */ = {isa = PBXFileReference; includeInIndex = 1; lastKnownFileType = text.xcconfig; name = "Pods-WeatherSwift.debug.xcconfig"; path = "Pods/Target Support Files/Pods-WeatherSwift/Pods-WeatherSwift.debug.xcconfig"; sourceTree = "<group>"; };
		6B8E8F451F8B01BF00AE090C /* AddCityViewController.swift */ = {isa = PBXFileReference; lastKnownFileType = sourcecode.swift; path = AddCityViewController.swift; sourceTree = "<group>"; };
		6B938118203112360030ED49 /* Temperature.swift */ = {isa = PBXFileReference; lastKnownFileType = sourcecode.swift; path = Temperature.swift; sourceTree = "<group>"; };
		6B93811A2031300C0030ED49 /* HelperExtenstions.swift */ = {isa = PBXFileReference; lastKnownFileType = sourcecode.swift; path = HelperExtenstions.swift; sourceTree = "<group>"; };
		6B93811C20313B4D0030ED49 /* Weekday.swift */ = {isa = PBXFileReference; lastKnownFileType = sourcecode.swift; path = Weekday.swift; sourceTree = "<group>"; };
		6BA2FF5D1EED5E1800A20A66 /* WeatherSwift.app */ = {isa = PBXFileReference; explicitFileType = wrapper.application; includeInIndex = 0; path = WeatherSwift.app; sourceTree = BUILT_PRODUCTS_DIR; };
		6BA2FF601EED5E1800A20A66 /* AppDelegate.swift */ = {isa = PBXFileReference; lastKnownFileType = sourcecode.swift; path = AppDelegate.swift; sourceTree = "<group>"; };
		6BA2FF621EED5E1800A20A66 /* ViewController.swift */ = {isa = PBXFileReference; lastKnownFileType = sourcecode.swift; path = ViewController.swift; sourceTree = "<group>"; };
		6BA2FF651EED5E1800A20A66 /* Base */ = {isa = PBXFileReference; lastKnownFileType = file.storyboard; name = Base; path = Base.lproj/Main.storyboard; sourceTree = "<group>"; };
		6BA2FF681EED5E1800A20A66 /* WeatherSwift.xcdatamodel */ = {isa = PBXFileReference; lastKnownFileType = wrapper.xcdatamodel; path = WeatherSwift.xcdatamodel; sourceTree = "<group>"; };
		6BA2FF6A1EED5E1800A20A66 /* Assets.xcassets */ = {isa = PBXFileReference; lastKnownFileType = folder.assetcatalog; path = Assets.xcassets; sourceTree = "<group>"; };
		6BA2FF6D1EED5E1800A20A66 /* Base */ = {isa = PBXFileReference; lastKnownFileType = file.storyboard; name = Base; path = Base.lproj/LaunchScreen.storyboard; sourceTree = "<group>"; };
		6BA2FF6F1EED5E1800A20A66 /* Info.plist */ = {isa = PBXFileReference; lastKnownFileType = text.plist.xml; path = Info.plist; sourceTree = "<group>"; };
		6BC945381F4A35C7008747D3 /* Forecast.swift */ = {isa = PBXFileReference; fileEncoding = 4; lastKnownFileType = sourcecode.swift; path = Forecast.swift; sourceTree = "<group>"; };
		6BC9453C1F4A5233008747D3 /* SwiftyJSON.swift */ = {isa = PBXFileReference; fileEncoding = 4; lastKnownFileType = sourcecode.swift; path = SwiftyJSON.swift; sourceTree = "<group>"; };
		6BC9453E1F4A7998008747D3 /* SevenDayCell.swift */ = {isa = PBXFileReference; fileEncoding = 4; lastKnownFileType = sourcecode.swift; path = SevenDayCell.swift; sourceTree = "<group>"; };
		6BF6562F1FEB7F7100D6E8B1 /* CityCell.swift */ = {isa = PBXFileReference; lastKnownFileType = sourcecode.swift; path = CityCell.swift; sourceTree = "<group>"; };
		B265B8D4959E212E5ADDD512 /* Pods-WeatherSwift.release.xcconfig */ = {isa = PBXFileReference; includeInIndex = 1; lastKnownFileType = text.xcconfig; name = "Pods-WeatherSwift.release.xcconfig"; path = "Pods/Target Support Files/Pods-WeatherSwift/Pods-WeatherSwift.release.xcconfig"; sourceTree = "<group>"; };
		ED9BF9D6538037D30782BDED /* Pods_WeatherSwift.framework */ = {isa = PBXFileReference; explicitFileType = wrapper.framework; includeInIndex = 0; path = Pods_WeatherSwift.framework; sourceTree = BUILT_PRODUCTS_DIR; };
/* End PBXFileReference section */

/* Begin PBXFrameworksBuildPhase section */
		6BA2FF5A1EED5E1800A20A66 /* Frameworks */ = {
			isa = PBXFrameworksBuildPhase;
			buildActionMask = 2147483647;
			files = (
				82A7F165F84130EEA88B7DC9 /* Pods_WeatherSwift.framework in Frameworks */,
			);
			runOnlyForDeploymentPostprocessing = 0;
		};
/* End PBXFrameworksBuildPhase section */

/* Begin PBXGroup section */
		4DB04BFFA960B0135E2AD41A /* Frameworks */ = {
			isa = PBXGroup;
			children = (
				ED9BF9D6538037D30782BDED /* Pods_WeatherSwift.framework */,
			);
			name = Frameworks;
			sourceTree = "<group>";
		};
		6BA2FF541EED5E1800A20A66 = {
			isa = PBXGroup;
			children = (
				6BA2FF5F1EED5E1800A20A66 /* WeatherSwift */,
				6BA2FF5E1EED5E1800A20A66 /* Products */,
				8EA6217B49B05822177DDB8B /* Pods */,
				4DB04BFFA960B0135E2AD41A /* Frameworks */,
			);
			sourceTree = "<group>";
		};
		6BA2FF5E1EED5E1800A20A66 /* Products */ = {
			isa = PBXGroup;
			children = (
				6BA2FF5D1EED5E1800A20A66 /* WeatherSwift.app */,
			);
			name = Products;
			sourceTree = "<group>";
		};
		6BA2FF5F1EED5E1800A20A66 /* WeatherSwift */ = {
			isa = PBXGroup;
			children = (
				6BC9453C1F4A5233008747D3 /* SwiftyJSON.swift */,
				6BA2FF601EED5E1800A20A66 /* AppDelegate.swift */,
				6BA2FF621EED5E1800A20A66 /* ViewController.swift */,
				6B8E8F451F8B01BF00AE090C /* AddCityViewController.swift */,
				6BC9453E1F4A7998008747D3 /* SevenDayCell.swift */,
				6BF6562F1FEB7F7100D6E8B1 /* CityCell.swift */,
				6BC945381F4A35C7008747D3 /* Forecast.swift */,
				6B938118203112360030ED49 /* Temperature.swift */,
				6B93811C20313B4D0030ED49 /* Weekday.swift */,
				6B93811A2031300C0030ED49 /* HelperExtenstions.swift */,
				6BA2FF641EED5E1800A20A66 /* Main.storyboard */,
				6BA2FF6A1EED5E1800A20A66 /* Assets.xcassets */,
				6BA2FF6C1EED5E1800A20A66 /* LaunchScreen.storyboard */,
				6BA2FF6F1EED5E1800A20A66 /* Info.plist */,
				6BA2FF671EED5E1800A20A66 /* WeatherSwift.xcdatamodeld */,
			);
			path = WeatherSwift;
			sourceTree = "<group>";
		};
		8EA6217B49B05822177DDB8B /* Pods */ = {
			isa = PBXGroup;
			children = (
				2E1696DF3057056E29962F00 /* Pods-WeatherSwift.debug.xcconfig */,
				B265B8D4959E212E5ADDD512 /* Pods-WeatherSwift.release.xcconfig */,
			);
			name = Pods;
			sourceTree = "<group>";
		};
/* End PBXGroup section */

/* Begin PBXNativeTarget section */
		6BA2FF5C1EED5E1800A20A66 /* WeatherSwift */ = {
			isa = PBXNativeTarget;
			buildConfigurationList = 6BA2FF721EED5E1800A20A66 /* Build configuration list for PBXNativeTarget "WeatherSwift" */;
			buildPhases = (
				15CFE1F7CFEA2661162B246D /* [CP] Check Pods Manifest.lock */,
				6BA2FF591EED5E1800A20A66 /* Sources */,
				6BA2FF5A1EED5E1800A20A66 /* Frameworks */,
				6BA2FF5B1EED5E1800A20A66 /* Resources */,
				945A3F383BD9E79D75C20361 /* [CP] Embed Pods Frameworks */,
				5FB1B620877CFEB5969EE194 /* [CP] Copy Pods Resources */,
			);
			buildRules = (
			);
			dependencies = (
			);
			name = WeatherSwift;
			productName = WeatherSwift;
			productReference = 6BA2FF5D1EED5E1800A20A66 /* WeatherSwift.app */;
			productType = "com.apple.product-type.application";
		};
/* End PBXNativeTarget section */

/* Begin PBXProject section */
		6BA2FF551EED5E1800A20A66 /* Project object */ = {
			isa = PBXProject;
			attributes = {
				LastSwiftUpdateCheck = 0830;
				LastUpgradeCheck = 0830;
				ORGANIZATIONNAME = Keshav;
				TargetAttributes = {
					6BA2FF5C1EED5E1800A20A66 = {
						CreatedOnToolsVersion = 8.3.3;
						ProvisioningStyle = Automatic;
					};
				};
			};
			buildConfigurationList = 6BA2FF581EED5E1800A20A66 /* Build configuration list for PBXProject "WeatherSwift" */;
			compatibilityVersion = "Xcode 3.2";
			developmentRegion = English;
			hasScannedForEncodings = 0;
			knownRegions = (
				en,
				Base,
			);
			mainGroup = 6BA2FF541EED5E1800A20A66;
			productRefGroup = 6BA2FF5E1EED5E1800A20A66 /* Products */;
			projectDirPath = "";
			projectRoot = "";
			targets = (
				6BA2FF5C1EED5E1800A20A66 /* WeatherSwift */,
			);
		};
/* End PBXProject section */

/* Begin PBXResourcesBuildPhase section */
		6BA2FF5B1EED5E1800A20A66 /* Resources */ = {
			isa = PBXResourcesBuildPhase;
			buildActionMask = 2147483647;
			files = (
				6BA2FF6E1EED5E1800A20A66 /* LaunchScreen.storyboard in Resources */,
				6BA2FF6B1EED5E1800A20A66 /* Assets.xcassets in Resources */,
				6BA2FF661EED5E1800A20A66 /* Main.storyboard in Resources */,
			);
			runOnlyForDeploymentPostprocessing = 0;
		};
/* End PBXResourcesBuildPhase section */

/* Begin PBXShellScriptBuildPhase section */
		15CFE1F7CFEA2661162B246D /* [CP] Check Pods Manifest.lock */ = {
			isa = PBXShellScriptBuildPhase;
			buildActionMask = 2147483647;
			files = (
			);
			inputPaths = (
				"${PODS_PODFILE_DIR_PATH}/Podfile.lock",
				"${PODS_ROOT}/Manifest.lock",
			);
			name = "[CP] Check Pods Manifest.lock";
			outputPaths = (
				"$(DERIVED_FILE_DIR)/Pods-WeatherSwift-checkManifestLockResult.txt",
			);
			runOnlyForDeploymentPostprocessing = 0;
			shellPath = /bin/sh;
			shellScript = "diff \"${PODS_PODFILE_DIR_PATH}/Podfile.lock\" \"${PODS_ROOT}/Manifest.lock\" > /dev/null\nif [ $? != 0 ] ; then\n    # print error to STDERR\n    echo \"error: The sandbox is not in sync with the Podfile.lock. Run 'pod install' or update your CocoaPods installation.\" >&2\n    exit 1\nfi\n# This output is used by Xcode 'outputs' to avoid re-running this script phase.\necho \"SUCCESS\" > \"${SCRIPT_OUTPUT_FILE_0}\"\n";
			showEnvVarsInLog = 0;
		};
		5FB1B620877CFEB5969EE194 /* [CP] Copy Pods Resources */ = {
			isa = PBXShellScriptBuildPhase;
			buildActionMask = 2147483647;
			files = (
			);
			inputPaths = (
				"${SRCROOT}/Pods/Target Support Files/Pods-WeatherSwift/Pods-WeatherSwift-resources.sh",
				"${PODS_ROOT}/GooglePlaces/Frameworks/GooglePlaces.framework/Resources/GooglePlaces.bundle",
			);
			name = "[CP] Copy Pods Resources";
			outputPaths = (
				"${TARGET_BUILD_DIR}/${UNLOCALIZED_RESOURCES_FOLDER_PATH}",
			);
			runOnlyForDeploymentPostprocessing = 0;
			shellPath = /bin/sh;
			shellScript = "\"${SRCROOT}/Pods/Target Support Files/Pods-WeatherSwift/Pods-WeatherSwift-resources.sh\"\n";
			showEnvVarsInLog = 0;
		};
		945A3F383BD9E79D75C20361 /* [CP] Embed Pods Frameworks */ = {
			isa = PBXShellScriptBuildPhase;
			buildActionMask = 2147483647;
			files = (
			);
			inputPaths = (
			);
			name = "[CP] Embed Pods Frameworks";
			outputPaths = (
			);
			runOnlyForDeploymentPostprocessing = 0;
			shellPath = /bin/sh;
			shellScript = "\"${SRCROOT}/Pods/Target Support Files/Pods-WeatherSwift/Pods-WeatherSwift-frameworks.sh\"\n";
			showEnvVarsInLog = 0;
		};
/* End PBXShellScriptBuildPhase section */

/* Begin PBXSourcesBuildPhase section */
		6BA2FF591EED5E1800A20A66 /* Sources */ = {
			isa = PBXSourcesBuildPhase;
			buildActionMask = 2147483647;
			files = (
				6B93811D20313B4D0030ED49 /* Weekday.swift in Sources */,
				6BC945391F4A35C7008747D3 /* Forecast.swift in Sources */,
				6B8E8F461F8B01BF00AE090C /* AddCityViewController.swift in Sources */,
				6B938119203112360030ED49 /* Temperature.swift in Sources */,
				6BF656301FEB7F7100D6E8B1 /* CityCell.swift in Sources */,
				6B93811B2031300C0030ED49 /* HelperExtenstions.swift in Sources */,
				6BA2FF691EED5E1800A20A66 /* WeatherSwift.xcdatamodeld in Sources */,
				6BA2FF631EED5E1800A20A66 /* ViewController.swift in Sources */,
				6BC9453D1F4A5233008747D3 /* SwiftyJSON.swift in Sources */,
				6BC9453F1F4A7998008747D3 /* SevenDayCell.swift in Sources */,
				6BA2FF611EED5E1800A20A66 /* AppDelegate.swift in Sources */,
			);
			runOnlyForDeploymentPostprocessing = 0;
		};
/* End PBXSourcesBuildPhase section */

/* Begin PBXVariantGroup section */
		6BA2FF641EED5E1800A20A66 /* Main.storyboard */ = {
			isa = PBXVariantGroup;
			children = (
				6BA2FF651EED5E1800A20A66 /* Base */,
			);
			name = Main.storyboard;
			sourceTree = "<group>";
		};
		6BA2FF6C1EED5E1800A20A66 /* LaunchScreen.storyboard */ = {
			isa = PBXVariantGroup;
			children = (
				6BA2FF6D1EED5E1800A20A66 /* Base */,
			);
			name = LaunchScreen.storyboard;
			sourceTree = "<group>";
		};
/* End PBXVariantGroup section */

/* Begin XCBuildConfiguration section */
		6BA2FF701EED5E1800A20A66 /* Debug */ = {
			isa = XCBuildConfiguration;
			buildSettings = {
				ALWAYS_SEARCH_USER_PATHS = NO;
				CLANG_ANALYZER_NONNULL = YES;
				CLANG_ANALYZER_NUMBER_OBJECT_CONVERSION = YES_AGGRESSIVE;
				CLANG_CXX_LANGUAGE_STANDARD = "gnu++0x";
				CLANG_CXX_LIBRARY = "libc++";
				CLANG_ENABLE_MODULES = YES;
				CLANG_ENABLE_OBJC_ARC = YES;
				CLANG_WARN_BOOL_CONVERSION = YES;
				CLANG_WARN_CONSTANT_CONVERSION = YES;
				CLANG_WARN_DIRECT_OBJC_ISA_USAGE = YES_ERROR;
				CLANG_WARN_DOCUMENTATION_COMMENTS = YES;
				CLANG_WARN_EMPTY_BODY = YES;
				CLANG_WARN_ENUM_CONVERSION = YES;
				CLANG_WARN_INFINITE_RECURSION = YES;
				CLANG_WARN_INT_CONVERSION = YES;
				CLANG_WARN_OBJC_ROOT_CLASS = YES_ERROR;
				CLANG_WARN_SUSPICIOUS_MOVE = YES;
				CLANG_WARN_UNREACHABLE_CODE = YES;
				CLANG_WARN__DUPLICATE_METHOD_MATCH = YES;
				"CODE_SIGN_IDENTITY[sdk=iphoneos*]" = "iPhone Developer";
				COPY_PHASE_STRIP = NO;
				DEBUG_INFORMATION_FORMAT = dwarf;
				ENABLE_STRICT_OBJC_MSGSEND = YES;
				ENABLE_TESTABILITY = YES;
				GCC_C_LANGUAGE_STANDARD = gnu99;
				GCC_DYNAMIC_NO_PIC = NO;
				GCC_NO_COMMON_BLOCKS = YES;
				GCC_OPTIMIZATION_LEVEL = 0;
				GCC_PREPROCESSOR_DEFINITIONS = (
					"DEBUG=1",
					"$(inherited)",
				);
				GCC_WARN_64_TO_32_BIT_CONVERSION = YES;
				GCC_WARN_ABOUT_RETURN_TYPE = YES_ERROR;
				GCC_WARN_UNDECLARED_SELECTOR = YES;
				GCC_WARN_UNINITIALIZED_AUTOS = YES_AGGRESSIVE;
				GCC_WARN_UNUSED_FUNCTION = YES;
				GCC_WARN_UNUSED_VARIABLE = YES;
				IPHONEOS_DEPLOYMENT_TARGET = 10.3;
				MTL_ENABLE_DEBUG_INFO = YES;
				ONLY_ACTIVE_ARCH = YES;
				SDKROOT = iphoneos;
				SWIFT_ACTIVE_COMPILATION_CONDITIONS = DEBUG;
				SWIFT_OPTIMIZATION_LEVEL = "-Onone";
			};
			name = Debug;
		};
		6BA2FF711EED5E1800A20A66 /* Release */ = {
			isa = XCBuildConfiguration;
			buildSettings = {
				ALWAYS_SEARCH_USER_PATHS = NO;
				CLANG_ANALYZER_NONNULL = YES;
				CLANG_ANALYZER_NUMBER_OBJECT_CONVERSION = YES_AGGRESSIVE;
				CLANG_CXX_LANGUAGE_STANDARD = "gnu++0x";
				CLANG_CXX_LIBRARY = "libc++";
				CLANG_ENABLE_MODULES = YES;
				CLANG_ENABLE_OBJC_ARC = YES;
				CLANG_WARN_BOOL_CONVERSION = YES;
				CLANG_WARN_CONSTANT_CONVERSION = YES;
				CLANG_WARN_DIRECT_OBJC_ISA_USAGE = YES_ERROR;
				CLANG_WARN_DOCUMENTATION_COMMENTS = YES;
				CLANG_WARN_EMPTY_BODY = YES;
				CLANG_WARN_ENUM_CONVERSION = YES;
				CLANG_WARN_INFINITE_RECURSION = YES;
				CLANG_WARN_INT_CONVERSION = YES;
				CLANG_WARN_OBJC_ROOT_CLASS = YES_ERROR;
				CLANG_WARN_SUSPICIOUS_MOVE = YES;
				CLANG_WARN_UNREACHABLE_CODE = YES;
				CLANG_WARN__DUPLICATE_METHOD_MATCH = YES;
				"CODE_SIGN_IDENTITY[sdk=iphoneos*]" = "iPhone Developer";
				COPY_PHASE_STRIP = NO;
				DEBUG_INFORMATION_FORMAT = "dwarf-with-dsym";
				ENABLE_NS_ASSERTIONS = NO;
				ENABLE_STRICT_OBJC_MSGSEND = YES;
				GCC_C_LANGUAGE_STANDARD = gnu99;
				GCC_NO_COMMON_BLOCKS = YES;
				GCC_WARN_64_TO_32_BIT_CONVERSION = YES;
				GCC_WARN_ABOUT_RETURN_TYPE = YES_ERROR;
				GCC_WARN_UNDECLARED_SELECTOR = YES;
				GCC_WARN_UNINITIALIZED_AUTOS = YES_AGGRESSIVE;
				GCC_WARN_UNUSED_FUNCTION = YES;
				GCC_WARN_UNUSED_VARIABLE = YES;
				IPHONEOS_DEPLOYMENT_TARGET = 10.3;
				MTL_ENABLE_DEBUG_INFO = NO;
				SDKROOT = iphoneos;
				SWIFT_OPTIMIZATION_LEVEL = "-Owholemodule";
				VALIDATE_PRODUCT = YES;
			};
			name = Release;
		};
		6BA2FF731EED5E1800A20A66 /* Debug */ = {
			isa = XCBuildConfiguration;
			baseConfigurationReference = 2E1696DF3057056E29962F00 /* Pods-WeatherSwift.debug.xcconfig */;
			buildSettings = {
				ASSETCATALOG_COMPILER_APPICON_NAME = AppIcon;
				INFOPLIST_FILE = WeatherSwift/Info.plist;
				LD_RUNPATH_SEARCH_PATHS = "$(inherited) @executable_path/Frameworks";
				PRODUCT_BUNDLE_IDENTIFIER = com.keshav.WeatherSwift;
				PRODUCT_NAME = "$(TARGET_NAME)";
				SWIFT_VERSION = 3.0;
			};
			name = Debug;
		};
		6BA2FF741EED5E1800A20A66 /* Release */ = {
			isa = XCBuildConfiguration;
			baseConfigurationReference = B265B8D4959E212E5ADDD512 /* Pods-WeatherSwift.release.xcconfig */;
			buildSettings = {
				ASSETCATALOG_COMPILER_APPICON_NAME = AppIcon;
				INFOPLIST_FILE = WeatherSwift/Info.plist;
				LD_RUNPATH_SEARCH_PATHS = "$(inherited) @executable_path/Frameworks";
				PRODUCT_BUNDLE_IDENTIFIER = com.keshav.WeatherSwift;
				PRODUCT_NAME = "$(TARGET_NAME)";
				SWIFT_VERSION = 3.0;
			};
			name = Release;
		};
/* End XCBuildConfiguration section */

/* Begin XCConfigurationList section */
		6BA2FF581EED5E1800A20A66 /* Build configuration list for PBXProject "WeatherSwift" */ = {
			isa = XCConfigurationList;
			buildConfigurations = (
				6BA2FF701EED5E1800A20A66 /* Debug */,
				6BA2FF711EED5E1800A20A66 /* Release */,
			);
			defaultConfigurationIsVisible = 0;
			defaultConfigurationName = Release;
		};
		6BA2FF721EED5E1800A20A66 /* Build configuration list for PBXNativeTarget "WeatherSwift" */ = {
			isa = XCConfigurationList;
			buildConfigurations = (
				6BA2FF731EED5E1800A20A66 /* Debug */,
				6BA2FF741EED5E1800A20A66 /* Release */,
			);
			defaultConfigurationIsVisible = 0;
			defaultConfigurationName = Release;
		};
/* End XCConfigurationList section */

/* Begin XCVersionGroup section */
		6BA2FF671EED5E1800A20A66 /* WeatherSwift.xcdatamodeld */ = {
			isa = XCVersionGroup;
			children = (
				6BA2FF681EED5E1800A20A66 /* WeatherSwift.xcdatamodel */,
			);
			currentVersion = 6BA2FF681EED5E1800A20A66 /* WeatherSwift.xcdatamodel */;
			path = WeatherSwift.xcdatamodeld;
			sourceTree = "<group>";
			versionGroupType = wrapper.xcdatamodel;
		};
/* End XCVersionGroup section */
	};
	rootObject = 6BA2FF551EED5E1800A20A66 /* Project object */;
}
